
Microsoft Visual Studio Solution File, Format Version 12.00
# Visual Studio Version 16
VisualStudioVersion = 16.0.30114.105
MinimumVisualStudioVersion = 10.0.40219.1
Project("{F184B08F-C81C-45F6-A57F-5ABD9991F28F}") = "Ejercicios Tareas", "Ejercicios Tareas.vbproj", "{22E3CA30-8009-4518-82B1-5D307A1BBA29}"
EndProject
Global
	GlobalSection(SolutionConfigurationPlatforms) = preSolution
		Debug|Any CPU = Debug|Any CPU
		Release|Any CPU = Release|Any CPU
	EndGlobalSection
	GlobalSection(ProjectConfigurationPlatforms) = postSolution
		{22E3CA30-8009-4518-82B1-5D307A1BBA29}.Debug|Any CPU.ActiveCfg = Debug|Any CPU
		{22E3CA30-8009-4518-82B1-5D307A1BBA29}.Debug|Any CPU.Build.0 = Debug|Any CPU
		{22E3CA30-8009-4518-82B1-5D307A1BBA29}.Release|Any CPU.ActiveCfg = Release|Any CPU
		{22E3CA30-8009-4518-82B1-5D307A1BBA29}.Release|Any CPU.Build.0 = Release|Any CPU
	EndGlobalSection
	GlobalSection(SolutionProperties) = preSolution
		HideSolutionNode = FALSE
	EndGlobalSection
	GlobalSection(ExtensibilityGlobals) = postSolution
		SolutionGuid = {6BE66337-9FB5-46FB-92BA-5BD46DC337D8}
	EndGlobalSection
EndGlobal
